
Microsoft Visual Studio Solution File, Format Version 12.00
# Visual Studio Version 16
VisualStudioVersion = 16.0.29009.5
MinimumVisualStudioVersion = 10.0.40219.1
Project("{FAE04EC0-301F-11D3-BF4B-00C04F79EFBC}") = "Hearn.MonoGame.Particles", "Hearn.MonoGame.Particles\Hearn.MonoGame.Particles.csproj", "{7BA28C8A-FC23-456D-81A1-AAB3DA6DA59B}"
EndProject
Project("{FAE04EC0-301F-11D3-BF4B-00C04F79EFBC}") = "Demo", "Demo\Demo.csproj", "{4B382BFC-BE04-4C55-860E-C74D0E8A41E1}"
EndProject
Project("{2150E333-8FDC-42A3-9474-1A3956D46DE8}") = "Solution Items", "Solution Items", "{DBEC7646-49EC-4D89-BC51-7DFF9B1F9EC7}"
	ProjectSection(SolutionItems) = preProject
		azure-pipelines.yml = azure-pipelines.yml
		particles.nuspec = particles.nuspec
		README.md = README.md
	EndProjectSection
EndProject
Global
	GlobalSection(SolutionConfigurationPlatforms) = preSolution
		Debug|Any CPU = Debug|Any CPU
		Release|Any CPU = Release|Any CPU
	EndGlobalSection
	GlobalSection(ProjectConfigurationPlatforms) = postSolution
		{7BA28C8A-FC23-456D-81A1-AAB3DA6DA59B}.Debug|Any CPU.ActiveCfg = Debug|x86
		{7BA28C8A-FC23-456D-81A1-AAB3DA6DA59B}.Debug|Any CPU.Build.0 = Debug|x86
		{7BA28C8A-FC23-456D-81A1-AAB3DA6DA59B}.Release|Any CPU.ActiveCfg = Release|x86
		{7BA28C8A-FC23-456D-81A1-AAB3DA6DA59B}.Release|Any CPU.Build.0 = Release|x86
		{4B382BFC-BE04-4C55-860E-C74D0E8A41E1}.Debug|Any CPU.ActiveCfg = Debug|Any CPU
		{4B382BFC-BE04-4C55-860E-C74D0E8A41E1}.Debug|Any CPU.Build.0 = Debug|Any CPU
		{4B382BFC-BE04-4C55-860E-C74D0E8A41E1}.Release|Any CPU.ActiveCfg = Release|Any CPU
		{4B382BFC-BE04-4C55-860E-C74D0E8A41E1}.Release|Any CPU.Build.0 = Release|Any CPU
	EndGlobalSection
	GlobalSection(SolutionProperties) = preSolution
		HideSolutionNode = FALSE
	EndGlobalSection
	GlobalSection(ExtensibilityGlobals) = postSolution
		SolutionGuid = {8744AB33-79BB-452F-84BA-F65DF2B4A384}
	EndGlobalSection
EndGlobal
